
Microsoft Visual Studio Solution File, Format Version 12.00
# Visual Studio Version 17
VisualStudioVersion = 17.4.33122.133
MinimumVisualStudioVersion = 10.0.40219.1
Project("{FAE04EC0-301F-11D3-BF4B-00C04F79EFBC}") = "ReversePrefixOfString", "ReversePrefixOfString\ReversePrefixOfString.csproj", "{35F418F0-8411-4FBD-810D-740FC59C5410}"
EndProject
Global
	GlobalSection(SolutionConfigurationPlatforms) = preSolution
		Debug|Any CPU = Debug|Any CPU
		Release|Any CPU = Release|Any CPU
	EndGlobalSection
	GlobalSection(ProjectConfigurationPlatforms) = postSolution
		{35F418F0-8411-4FBD-810D-740FC59C5410}.Debug|Any CPU.ActiveCfg = Debug|Any CPU
		{35F418F0-8411-4FBD-810D-740FC59C5410}.Debug|Any CPU.Build.0 = Debug|Any CPU
		{35F418F0-8411-4FBD-810D-740FC59C5410}.Release|Any CPU.ActiveCfg = Release|Any CPU
		{35F418F0-8411-4FBD-810D-740FC59C5410}.Release|Any CPU.Build.0 = Release|Any CPU
	EndGlobalSection
	GlobalSection(SolutionProperties) = preSolution
		HideSolutionNode = FALSE
	EndGlobalSection
	GlobalSection(ExtensibilityGlobals) = postSolution
		SolutionGuid = {914EA446-5C71-48D1-A5FF-5C7B9722847C}
	EndGlobalSection
EndGlobal
